// !$*UTF8*$!
{
	archiveVersion = 1;
	classes = {
	};
	objectVersion = 77;
	objects = {

/* Begin PBXBuildFile section */
		C23427382E8188F700C1AF73 /* ContentView.swift in Sources */ = {isa = PBXBuildFile; fileRef = C23427322E8188F700C1AF73 /* ContentView.swift */; };
		C23427392E8188F700C1AF73 /* DashboardViewModel.swift in Sources */ = {isa = PBXBuildFile; fileRef = C23427342E8188F700C1AF73 /* DashboardViewModel.swift */; };
		C234273A2E8188F700C1AF73 /* ProcessController.swift in Sources */ = {isa = PBXBuildFile; fileRef = C23427352E8188F700C1AF73 /* ProcessController.swift */; };
		C234273B2E8188F700C1AF73 /* DashboardApp.swift in Sources */ = {isa = PBXBuildFile; fileRef = C23427332E8188F700C1AF73 /* DashboardApp.swift */; };
		C234273C2E8188F700C1AF73 /* Assets.xcassets in Resources */ = {isa = PBXBuildFile; fileRef = C23427312E8188F700C1AF73 /* Assets.xcassets */; };
		C27118882E83D7D6003F0CF7 /* Codex.swift in Sources */ = {isa = PBXBuildFile; fileRef = C27118842E83D7D6003F0CF7 /* Codex.swift */; };
		C27118892E83D7D6003F0CF7 /* Gitter.swift in Sources */ = {isa = PBXBuildFile; fileRef = C27118852E83D7D6003F0CF7 /* Gitter.swift */; };
		C271188A2E83D7D6003F0CF7 /* Server.swift in Sources */ = {isa = PBXBuildFile; fileRef = C27118872E83D7D6003F0CF7 /* Server.swift */; };
		C271188B2E83D7D6003F0CF7 /* Playwright.swift in Sources */ = {isa = PBXBuildFile; fileRef = C27118862E83D7D6003F0CF7 /* Playwright.swift */; };
		C283379D2E84B05A0044FF20 /* ProcessCard.swift in Sources */ = {isa = PBXBuildFile; fileRef = C283379C2E84B05A0044FF20 /* ProcessCard.swift */; };
		C28337B22E855D430044FF20 /* ProjectDirectoryCard.swift in Sources */ = {isa = PBXBuildFile; fileRef = C28337B12E855D430044FF20 /* ProjectDirectoryCard.swift */; };
		C28337B42E85B6770044FF20 /* PluginPanelView.swift in Sources */ = {isa = PBXBuildFile; fileRef = C28337B32E85B6770044FF20 /* PluginPanelView.swift */; };
		C28337B62E85B68A0044FF20 /* PluginWindow.swift in Sources */ = {isa = PBXBuildFile; fileRef = C28337B52E85B68A0044FF20 /* PluginWindow.swift */; };
		C2B0AA012F0B567800ABCDEF /* CardComponents.swift in Sources */ = {isa = PBXBuildFile; fileRef = C2B0AA002F0B567800ABCDEF /* CardComponents.swift */; };
		C2D1AA112F12345000ABCDEF /* CodexController.swift in Sources */ = {isa = PBXBuildFile; fileRef = C2D1AA102F12345000ABCDEF /* CodexController.swift */; };
/* End PBXBuildFile section */

/* Begin PBXContainerItemProxy section */
		C23427152E81884C00C1AF73 /* PBXContainerItemProxy */ = {
			isa = PBXContainerItemProxy;
			containerPortal = C23426FC2E81884800C1AF73 /* Project object */;
			proxyType = 1;
			remoteGlobalIDString = C23427032E81884800C1AF73;
			remoteInfo = DashCam;
		};
		C234271F2E81884C00C1AF73 /* PBXContainerItemProxy */ = {
			isa = PBXContainerItemProxy;
			containerPortal = C23426FC2E81884800C1AF73 /* Project object */;
			proxyType = 1;
			remoteGlobalIDString = C23427032E81884800C1AF73;
			remoteInfo = DashCam;
		};
/* End PBXContainerItemProxy section */

/* Begin PBXFileReference section */
		C23427042E81884800C1AF73 /* DashCam.app */ = {isa = PBXFileReference; explicitFileType = wrapper.application; includeInIndex = 0; path = DashCam.app; sourceTree = BUILT_PRODUCTS_DIR; };
		C23427142E81884C00C1AF73 /* DashCamTests.xctest */ = {isa = PBXFileReference; explicitFileType = wrapper.cfbundle; includeInIndex = 0; path = DashCamTests.xctest; sourceTree = BUILT_PRODUCTS_DIR; };
		C234271E2E81884C00C1AF73 /* DashCamUITests.xctest */ = {isa = PBXFileReference; explicitFileType = wrapper.cfbundle; includeInIndex = 0; path = DashCamUITests.xctest; sourceTree = BUILT_PRODUCTS_DIR; };
		C23427312E8188F700C1AF73 /* Assets.xcassets */ = {isa = PBXFileReference; lastKnownFileType = folder.assetcatalog; path = Assets.xcassets; sourceTree = "<group>"; };
		C23427322E8188F700C1AF73 /* ContentView.swift */ = {isa = PBXFileReference; lastKnownFileType = sourcecode.swift; path = ContentView.swift; sourceTree = "<group>"; };
		C23427332E8188F700C1AF73 /* DashboardApp.swift */ = {isa = PBXFileReference; lastKnownFileType = sourcecode.swift; path = DashboardApp.swift; sourceTree = "<group>"; };
		C23427342E8188F700C1AF73 /* DashboardViewModel.swift */ = {isa = PBXFileReference; lastKnownFileType = sourcecode.swift; path = DashboardViewModel.swift; sourceTree = "<group>"; };
		C23427352E8188F700C1AF73 /* ProcessController.swift */ = {isa = PBXFileReference; lastKnownFileType = sourcecode.swift; path = ProcessController.swift; sourceTree = "<group>"; };
		C234273D2E81890300C1AF73 /* Package.swift */ = {isa = PBXFileReference; lastKnownFileType = sourcecode.swift; path = Package.swift; sourceTree = "<group>"; };
		C234273E2E81890A00C1AF73 /* README.md */ = {isa = PBXFileReference; lastKnownFileType = net.daringfireball.markdown; path = README.md; sourceTree = "<group>"; };
		C23427402E818A6B00C1AF73 /* DashCam.entitlements */ = {isa = PBXFileReference; lastKnownFileType = text.plist.entitlements; path = DashCam.entitlements; sourceTree = "<group>"; };
		C23427412E818B2800C1AF73 /* Info.plist */ = {isa = PBXFileReference; lastKnownFileType = text.plist; path = Info.plist; sourceTree = "<group>"; };
		C27118842E83D7D6003F0CF7 /* Codex.swift */ = {isa = PBXFileReference; lastKnownFileType = sourcecode.swift; path = Codex.swift; sourceTree = "<group>"; };
		C27118852E83D7D6003F0CF7 /* Gitter.swift */ = {isa = PBXFileReference; lastKnownFileType = sourcecode.swift; path = Gitter.swift; sourceTree = "<group>"; };
		C27118862E83D7D6003F0CF7 /* Playwright.swift */ = {isa = PBXFileReference; lastKnownFileType = sourcecode.swift; path = Playwright.swift; sourceTree = "<group>"; };
		C27118872E83D7D6003F0CF7 /* Server.swift */ = {isa = PBXFileReference; lastKnownFileType = sourcecode.swift; path = Server.swift; sourceTree = "<group>"; };
		C283379C2E84B05A0044FF20 /* ProcessCard.swift */ = {isa = PBXFileReference; lastKnownFileType = sourcecode.swift; path = ProcessCard.swift; sourceTree = "<group>"; };
		C28337B12E855D430044FF20 /* ProjectDirectoryCard.swift */ = {isa = PBXFileReference; lastKnownFileType = sourcecode.swift; path = ProjectDirectoryCard.swift; sourceTree = "<group>"; };
		C28337B32E85B6770044FF20 /* PluginPanelView.swift */ = {isa = PBXFileReference; lastKnownFileType = sourcecode.swift; path = PluginPanelView.swift; sourceTree = "<group>"; };
		C28337B52E85B68A0044FF20 /* PluginWindow.swift */ = {isa = PBXFileReference; lastKnownFileType = sourcecode.swift; path = PluginWindow.swift; sourceTree = "<group>"; };
		C2B0AA002F0B567800ABCDEF /* CardComponents.swift */ = {isa = PBXFileReference; lastKnownFileType = sourcecode.swift; path = CardComponents.swift; sourceTree = "<group>"; };
		C2D1AA102F12345000ABCDEF /* CodexController.swift */ = {isa = PBXFileReference; lastKnownFileType = sourcecode.swift; path = CodexController.swift; sourceTree = "<group>"; };
/* End PBXFileReference section */

/* Begin PBXFrameworksBuildPhase section */
		C23427012E81884800C1AF73 /* Frameworks */ = {
			isa = PBXFrameworksBuildPhase;
			buildActionMask = 2147483647;
			files = (
			);
			runOnlyForDeploymentPostprocessing = 0;
		};
		C23427112E81884C00C1AF73 /* Frameworks */ = {
			isa = PBXFrameworksBuildPhase;
			buildActionMask = 2147483647;
			files = (
			);
			runOnlyForDeploymentPostprocessing = 0;
		};
		C234271B2E81884C00C1AF73 /* Frameworks */ = {
			isa = PBXFrameworksBuildPhase;
			buildActionMask = 2147483647;
			files = (
			);
			runOnlyForDeploymentPostprocessing = 0;
		};
/* End PBXFrameworksBuildPhase section */

/* Begin PBXGroup section */
		C23426FB2E81884800C1AF73 = {
			isa = PBXGroup;
			children = (
				C23427402E818A6B00C1AF73 /* DashCam.entitlements */,
				C23427412E818B2800C1AF73 /* Info.plist */,
				C234273D2E81890300C1AF73 /* Package.swift */,
				C234273E2E81890A00C1AF73 /* README.md */,
				C23427372E8188F700C1AF73 /* Sources */,
				C23427052E81884800C1AF73 /* Products */,
			);
			sourceTree = "<group>";
		};
		C23427052E81884800C1AF73 /* Products */ = {
			isa = PBXGroup;
			children = (
				C23427042E81884800C1AF73 /* DashCam.app */,
				C23427142E81884C00C1AF73 /* DashCamTests.xctest */,
				C234271E2E81884C00C1AF73 /* DashCamUITests.xctest */,
			);
			name = Products;
			sourceTree = "<group>";
		};
		C23427362E8188F700C1AF73 /* DashboardApp */ = {
			isa = PBXGroup;
			children = (
				C23427312E8188F700C1AF73 /* Assets.xcassets */,
				C28337A02E84B05A0044FF20 /* components */,
				C283378A2E83A8340044FF20 /* plugins */,
				C23427322E8188F700C1AF73 /* ContentView.swift */,
				C23427332E8188F700C1AF73 /* DashboardApp.swift */,
				C23427342E8188F700C1AF73 /* DashboardViewModel.swift */,
				C23427352E8188F700C1AF73 /* ProcessController.swift */,
				C2D1AA102F12345000ABCDEF /* CodexController.swift */,
			);
			path = DashboardApp;
			sourceTree = "<group>";
		};
		C23427372E8188F700C1AF73 /* Sources */ = {
			isa = PBXGroup;
			children = (
				C23427362E8188F700C1AF73 /* DashboardApp */,
			);
			path = Sources;
			sourceTree = "<group>";
		};
		C283378A2E83A8340044FF20 /* plugins */ = {
			isa = PBXGroup;
			children = (
				C27118842E83D7D6003F0CF7 /* Codex.swift */,
				C27118852E83D7D6003F0CF7 /* Gitter.swift */,
				C27118862E83D7D6003F0CF7 /* Playwright.swift */,
				C27118872E83D7D6003F0CF7 /* Server.swift */,
			);
			path = plugins;
			sourceTree = "<group>";
		};
		C28337A02E84B05A0044FF20 /* components */ = {
			isa = PBXGroup;
			children = (
				C2B0AA002F0B567800ABCDEF /* CardComponents.swift */,
				C283379C2E84B05A0044FF20 /* ProcessCard.swift */,
				C28337B12E855D430044FF20 /* ProjectDirectoryCard.swift */,
				C28337B32E85B6770044FF20 /* PluginPanelView.swift */,
				C28337B52E85B68A0044FF20 /* PluginWindow.swift */,
			);
			path = components;
			sourceTree = "<group>";
		};
/* End PBXGroup section */

/* Begin PBXNativeTarget section */
		C23427032E81884800C1AF73 /* DashCam */ = {
			isa = PBXNativeTarget;
			buildConfigurationList = C23427282E81884C00C1AF73 /* Build configuration list for PBXNativeTarget "DashCam" */;
			buildPhases = (
				C23427002E81884800C1AF73 /* Sources */,
				C23427012E81884800C1AF73 /* Frameworks */,
				C23427022E81884800C1AF73 /* Resources */,
			);
			buildRules = (
			);
			dependencies = (
			);
			name = DashCam;
			packageProductDependencies = (
			);
			productName = DashCam;
			productReference = C23427042E81884800C1AF73 /* DashCam.app */;
			productType = "com.apple.product-type.application";
		};
		C23427132E81884C00C1AF73 /* DashCamTests */ = {
			isa = PBXNativeTarget;
			buildConfigurationList = C234272B2E81884C00C1AF73 /* Build configuration list for PBXNativeTarget "DashCamTests" */;
			buildPhases = (
				C23427102E81884C00C1AF73 /* Sources */,
				C23427112E81884C00C1AF73 /* Frameworks */,
				C23427122E81884C00C1AF73 /* Resources */,
			);
			buildRules = (
			);
			dependencies = (
				C23427162E81884C00C1AF73 /* PBXTargetDependency */,
			);
			name = DashCamTests;
			packageProductDependencies = (
			);
			productName = DashCamTests;
			productReference = C23427142E81884C00C1AF73 /* DashCamTests.xctest */;
			productType = "com.apple.product-type.bundle.unit-test";
		};
		C234271D2E81884C00C1AF73 /* DashCamUITests */ = {
			isa = PBXNativeTarget;
			buildConfigurationList = C234272E2E81884C00C1AF73 /* Build configuration list for PBXNativeTarget "DashCamUITests" */;
			buildPhases = (
				C234271A2E81884C00C1AF73 /* Sources */,
				C234271B2E81884C00C1AF73 /* Frameworks */,
				C234271C2E81884C00C1AF73 /* Resources */,
			);
			buildRules = (
			);
			dependencies = (
				C23427202E81884C00C1AF73 /* PBXTargetDependency */,
			);
			name = DashCamUITests;
			packageProductDependencies = (
			);
			productName = DashCamUITests;
			productReference = C234271E2E81884C00C1AF73 /* DashCamUITests.xctest */;
			productType = "com.apple.product-type.bundle.ui-testing";
		};
/* End PBXNativeTarget section */

/* Begin PBXProject section */
		C23426FC2E81884800C1AF73 /* Project object */ = {
			isa = PBXProject;
			attributes = {
				BuildIndependentTargetsInParallel = 1;
				LastSwiftUpdateCheck = 1640;
				LastUpgradeCheck = 1640;
				TargetAttributes = {
					C23427032E81884800C1AF73 = {
						CreatedOnToolsVersion = 16.4;
					};
					C23427132E81884C00C1AF73 = {
						CreatedOnToolsVersion = 16.4;
						TestTargetID = C23427032E81884800C1AF73;
					};
					C234271D2E81884C00C1AF73 = {
						CreatedOnToolsVersion = 16.4;
						TestTargetID = C23427032E81884800C1AF73;
					};
				};
			};
			buildConfigurationList = C23426FF2E81884800C1AF73 /* Build configuration list for PBXProject "DashCam" */;
			developmentRegion = en;
			hasScannedForEncodings = 0;
			knownRegions = (
				en,
				Base,
			);
			mainGroup = C23426FB2E81884800C1AF73;
			minimizedProjectReferenceProxies = 1;
			preferredProjectObjectVersion = 77;
			productRefGroup = C23427052E81884800C1AF73 /* Products */;
			projectDirPath = "";
			projectRoot = "";
			targets = (
				C23427032E81884800C1AF73 /* DashCam */,
				C23427132E81884C00C1AF73 /* DashCamTests */,
				C234271D2E81884C00C1AF73 /* DashCamUITests */,
			);
		};
/* End PBXProject section */

/* Begin PBXResourcesBuildPhase section */
		C23427022E81884800C1AF73 /* Resources */ = {
			isa = PBXResourcesBuildPhase;
			buildActionMask = 2147483647;
			files = (
				C234273C2E8188F700C1AF73 /* Assets.xcassets in Resources */,
			);
			runOnlyForDeploymentPostprocessing = 0;
		};
		C23427122E81884C00C1AF73 /* Resources */ = {
			isa = PBXResourcesBuildPhase;
			buildActionMask = 2147483647;
			files = (
			);
			runOnlyForDeploymentPostprocessing = 0;
		};
		C234271C2E81884C00C1AF73 /* Resources */ = {
			isa = PBXResourcesBuildPhase;
			buildActionMask = 2147483647;
			files = (
			);
			runOnlyForDeploymentPostprocessing = 0;
		};
/* End PBXResourcesBuildPhase section */

/* Begin PBXSourcesBuildPhase section */
		C23427002E81884800C1AF73 /* Sources */ = {
			isa = PBXSourcesBuildPhase;
			buildActionMask = 2147483647;
			files = (
				C23427382E8188F700C1AF73 /* ContentView.swift in Sources */,
				C23427392E8188F700C1AF73 /* DashboardViewModel.swift in Sources */,
				C234273A2E8188F700C1AF73 /* ProcessController.swift in Sources */,
				C234273B2E8188F700C1AF73 /* DashboardApp.swift in Sources */,
				C283379D2E84B05A0044FF20 /* ProcessCard.swift in Sources */,
				C28337B22E855D430044FF20 /* ProjectDirectoryCard.swift in Sources */,
				C28337B42E85B6770044FF20 /* PluginPanelView.swift in Sources */,
				C28337B62E85B68A0044FF20 /* PluginWindow.swift in Sources */,
				C2B0AA012F0B567800ABCDEF /* CardComponents.swift in Sources */,
				C27118882E83D7D6003F0CF7 /* Codex.swift in Sources */,
				C27118892E83D7D6003F0CF7 /* Gitter.swift in Sources */,
				C271188A2E83D7D6003F0CF7 /* Server.swift in Sources */,
				C271188B2E83D7D6003F0CF7 /* Playwright.swift in Sources */,
				C2D1AA112F12345000ABCDEF /* CodexController.swift in Sources */,
			);
			runOnlyForDeploymentPostprocessing = 0;
		};
		C23427102E81884C00C1AF73 /* Sources */ = {
			isa = PBXSourcesBuildPhase;
			buildActionMask = 2147483647;
			files = (
			);
			runOnlyForDeploymentPostprocessing = 0;
		};
		C234271A2E81884C00C1AF73 /* Sources */ = {
			isa = PBXSourcesBuildPhase;
			buildActionMask = 2147483647;
			files = (
			);
			runOnlyForDeploymentPostprocessing = 0;
		};
/* End PBXSourcesBuildPhase section */

/* Begin PBXTargetDependency section */
		C23427162E81884C00C1AF73 /* PBXTargetDependency */ = {
			isa = PBXTargetDependency;
			target = C23427032E81884800C1AF73 /* DashCam */;
			targetProxy = C23427152E81884C00C1AF73 /* PBXContainerItemProxy */;
		};
		C23427202E81884C00C1AF73 /* PBXTargetDependency */ = {
			isa = PBXTargetDependency;
			target = C23427032E81884800C1AF73 /* DashCam */;
			targetProxy = C234271F2E81884C00C1AF73 /* PBXContainerItemProxy */;
		};
/* End PBXTargetDependency section */

/* Begin XCBuildConfiguration section */
		C23427262E81884C00C1AF73 /* Debug */ = {
			isa = XCBuildConfiguration;
			buildSettings = {
				ALWAYS_SEARCH_USER_PATHS = NO;
				ASSETCATALOG_COMPILER_GENERATE_SWIFT_ASSET_SYMBOL_EXTENSIONS = YES;
				CLANG_ANALYZER_NONNULL = YES;
				CLANG_ANALYZER_NUMBER_OBJECT_CONVERSION = YES_AGGRESSIVE;
				CLANG_CXX_LANGUAGE_STANDARD = "gnu++20";
				CLANG_ENABLE_MODULES = YES;
				CLANG_ENABLE_OBJC_ARC = YES;
				CLANG_ENABLE_OBJC_WEAK = YES;
				CLANG_WARN_BLOCK_CAPTURE_AUTORELEASING = YES;
				CLANG_WARN_BOOL_CONVERSION = YES;
				CLANG_WARN_COMMA = YES;
				CLANG_WARN_CONSTANT_CONVERSION = YES;
				CLANG_WARN_DEPRECATED_OBJC_IMPLEMENTATIONS = YES;
				CLANG_WARN_DIRECT_OBJC_ISA_USAGE = YES_ERROR;
				CLANG_WARN_DOCUMENTATION_COMMENTS = YES;
				CLANG_WARN_EMPTY_BODY = YES;
				CLANG_WARN_ENUM_CONVERSION = YES;
				CLANG_WARN_INFINITE_RECURSION = YES;
				CLANG_WARN_INT_CONVERSION = YES;
				CLANG_WARN_NON_LITERAL_NULL_CONVERSION = YES;
				CLANG_WARN_OBJC_IMPLICIT_RETAIN_SELF = YES;
				CLANG_WARN_OBJC_LITERAL_CONVERSION = YES;
				CLANG_WARN_OBJC_ROOT_CLASS = YES_ERROR;
				CLANG_WARN_QUOTED_INCLUDE_IN_FRAMEWORK_HEADER = YES;
				CLANG_WARN_RANGE_LOOP_ANALYSIS = YES;
				CLANG_WARN_STRICT_PROTOTYPES = YES;
				CLANG_WARN_SUSPICIOUS_MOVE = YES;
				CLANG_WARN_UNGUARDED_AVAILABILITY = YES_AGGRESSIVE;
				CLANG_WARN_UNREACHABLE_CODE = YES;
				CLANG_WARN__DUPLICATE_METHOD_MATCH = YES;
				COPY_PHASE_STRIP = NO;
				DEBUG_INFORMATION_FORMAT = dwarf;
				DEVELOPMENT_TEAM = PWL627GZ4Y;
				ENABLE_STRICT_OBJC_MSGSEND = YES;
				ENABLE_TESTABILITY = YES;
				ENABLE_USER_SCRIPT_SANDBOXING = YES;
				GCC_C_LANGUAGE_STANDARD = gnu17;
				GCC_DYNAMIC_NO_PIC = NO;
				GCC_NO_COMMON_BLOCKS = YES;
				GCC_OPTIMIZATION_LEVEL = 0;
				GCC_PREPROCESSOR_DEFINITIONS = (
					"DEBUG=1",
					"$(inherited)",
				);
				GCC_WARN_64_TO_32_BIT_CONVERSION = YES;
				GCC_WARN_ABOUT_RETURN_TYPE = YES_ERROR;
				GCC_WARN_UNDECLARED_SELECTOR = YES;
				GCC_WARN_UNINITIALIZED_AUTOS = YES_AGGRESSIVE;
				GCC_WARN_UNUSED_FUNCTION = YES;
				GCC_WARN_UNUSED_VARIABLE = YES;
				LOCALIZATION_PREFERS_STRING_CATALOGS = YES;
				MACOSX_DEPLOYMENT_TARGET = 15.5;
				MTL_ENABLE_DEBUG_INFO = INCLUDE_SOURCE;
				MTL_FAST_MATH = YES;
				ONLY_ACTIVE_ARCH = YES;
				SDKROOT = macosx;
				SWIFT_ACTIVE_COMPILATION_CONDITIONS = "DEBUG $(inherited)";
				SWIFT_OPTIMIZATION_LEVEL = "-Onone";
			};
			name = Debug;
		};
		C23427272E81884C00C1AF73 /* Release */ = {
			isa = XCBuildConfiguration;
			buildSettings = {
				ALWAYS_SEARCH_USER_PATHS = NO;
				ASSETCATALOG_COMPILER_GENERATE_SWIFT_ASSET_SYMBOL_EXTENSIONS = YES;
				CLANG_ANALYZER_NONNULL = YES;
				CLANG_ANALYZER_NUMBER_OBJECT_CONVERSION = YES_AGGRESSIVE;
				CLANG_CXX_LANGUAGE_STANDARD = "gnu++20";
				CLANG_ENABLE_MODULES = YES;
				CLANG_ENABLE_OBJC_ARC = YES;
				CLANG_ENABLE_OBJC_WEAK = YES;
				CLANG_WARN_BLOCK_CAPTURE_AUTORELEASING = YES;
				CLANG_WARN_BOOL_CONVERSION = YES;
				CLANG_WARN_COMMA = YES;
				CLANG_WARN_CONSTANT_CONVERSION = YES;
				CLANG_WARN_DEPRECATED_OBJC_IMPLEMENTATIONS = YES;
				CLANG_WARN_DIRECT_OBJC_ISA_USAGE = YES_ERROR;
				CLANG_WARN_DOCUMENTATION_COMMENTS = YES;
				CLANG_WARN_EMPTY_BODY = YES;
				CLANG_WARN_ENUM_CONVERSION = YES;
				CLANG_WARN_INFINITE_RECURSION = YES;
				CLANG_WARN_INT_CONVERSION = YES;
				CLANG_WARN_NON_LITERAL_NULL_CONVERSION = YES;
				CLANG_WARN_OBJC_IMPLICIT_RETAIN_SELF = YES;
				CLANG_WARN_OBJC_LITERAL_CONVERSION = YES;
				CLANG_WARN_OBJC_ROOT_CLASS = YES_ERROR;
				CLANG_WARN_QUOTED_INCLUDE_IN_FRAMEWORK_HEADER = YES;
				CLANG_WARN_RANGE_LOOP_ANALYSIS = YES;
				CLANG_WARN_STRICT_PROTOTYPES = YES;
				CLANG_WARN_SUSPICIOUS_MOVE = YES;
				CLANG_WARN_UNGUARDED_AVAILABILITY = YES_AGGRESSIVE;
				CLANG_WARN_UNREACHABLE_CODE = YES;
				CLANG_WARN__DUPLICATE_METHOD_MATCH = YES;
				COPY_PHASE_STRIP = NO;
				DEBUG_INFORMATION_FORMAT = "dwarf-with-dsym";
				DEVELOPMENT_TEAM = PWL627GZ4Y;
				ENABLE_NS_ASSERTIONS = NO;
				ENABLE_STRICT_OBJC_MSGSEND = YES;
				ENABLE_USER_SCRIPT_SANDBOXING = YES;
				GCC_C_LANGUAGE_STANDARD = gnu17;
				GCC_NO_COMMON_BLOCKS = YES;
				GCC_WARN_64_TO_32_BIT_CONVERSION = YES;
				GCC_WARN_ABOUT_RETURN_TYPE = YES_ERROR;
				GCC_WARN_UNDECLARED_SELECTOR = YES;
				GCC_WARN_UNINITIALIZED_AUTOS = YES_AGGRESSIVE;
				GCC_WARN_UNUSED_FUNCTION = YES;
				GCC_WARN_UNUSED_VARIABLE = YES;
				LOCALIZATION_PREFERS_STRING_CATALOGS = YES;
				MACOSX_DEPLOYMENT_TARGET = 15.5;
				MTL_ENABLE_DEBUG_INFO = NO;
				MTL_FAST_MATH = YES;
				SDKROOT = macosx;
				SWIFT_COMPILATION_MODE = wholemodule;
			};
			name = Release;
		};
		C23427292E81884C00C1AF73 /* Debug */ = {
			isa = XCBuildConfiguration;
			buildSettings = {
				ASSETCATALOG_COMPILER_APPICON_NAME = AppIcon;
				"ASSETCATALOG_COMPILER_APPICON_NAME[sdk=macosx*]" = AppIcon;
				ASSETCATALOG_COMPILER_GLOBAL_ACCENT_COLOR_NAME = AccentColor;
				ASSETCATALOG_COMPILER_INCLUDE_ALL_APPICON_ASSETS = YES;
				CODE_SIGN_ENTITLEMENTS = DashCam.entitlements;
				"CODE_SIGN_IDENTITY[sdk=macosx*]" = "Apple Development";
				CODE_SIGN_STYLE = Automatic;
				COMBINE_HIDPI_IMAGES = YES;
				CURRENT_PROJECT_VERSION = 3;
				DEVELOPMENT_TEAM = PWL627GZ4Y;
				ENABLE_HARDENED_RUNTIME = YES;
				ENABLE_PREVIEWS = YES;
				GENERATE_INFOPLIST_FILE = YES;
				INFOPLIST_KEY_CFBundleDisplayName = DashCam;
				INFOPLIST_KEY_LSApplicationCategoryType = "public.app-category.developer-tools";
				INFOPLIST_KEY_NSHumanReadableCopyright = "";
				LD_RUNPATH_SEARCH_PATHS = (
					"$(inherited)",
					"@executable_path/../Frameworks",
				);
				MACOSX_DEPLOYMENT_TARGET = 14.0;
				MARKETING_VERSION = 2.5;
				PRODUCT_BUNDLE_IDENTIFIER = slf.DashCam;
				PRODUCT_NAME = "$(TARGET_NAME)";
				REGISTER_APP_GROUPS = YES;
				SWIFT_EMIT_LOC_STRINGS = YES;
				SWIFT_VERSION = 5.0;
			};
			name = Debug;
		};
		C234272A2E81884C00C1AF73 /* Release */ = {
			isa = XCBuildConfiguration;
			buildSettings = {
				ASSETCATALOG_COMPILER_APPICON_NAME = AppIcon;
				"ASSETCATALOG_COMPILER_APPICON_NAME[sdk=macosx*]" = AppIcon;
				ASSETCATALOG_COMPILER_GLOBAL_ACCENT_COLOR_NAME = AccentColor;
				ASSETCATALOG_COMPILER_INCLUDE_ALL_APPICON_ASSETS = YES;
				CODE_SIGN_ENTITLEMENTS = DashCam.entitlements;
				"CODE_SIGN_IDENTITY[sdk=macosx*]" = "Apple Development";
				CODE_SIGN_STYLE = Automatic;
				COMBINE_HIDPI_IMAGES = YES;
				CURRENT_PROJECT_VERSION = 3;
				DEVELOPMENT_TEAM = PWL627GZ4Y;
				ENABLE_HARDENED_RUNTIME = YES;
				ENABLE_PREVIEWS = YES;
				GENERATE_INFOPLIST_FILE = YES;
				INFOPLIST_KEY_CFBundleDisplayName = DashCam;
				INFOPLIST_KEY_LSApplicationCategoryType = "public.app-category.developer-tools";
				INFOPLIST_KEY_NSHumanReadableCopyright = "";
				LD_RUNPATH_SEARCH_PATHS = (
					"$(inherited)",
					"@executable_path/../Frameworks",
				);
				MACOSX_DEPLOYMENT_TARGET = 14.0;
				MARKETING_VERSION = 2.5;
				PRODUCT_BUNDLE_IDENTIFIER = slf.DashCam;
				PRODUCT_NAME = "$(TARGET_NAME)";
				REGISTER_APP_GROUPS = YES;
				SWIFT_EMIT_LOC_STRINGS = YES;
				SWIFT_VERSION = 5.0;
			};
			name = Release;
		};
		C234272C2E81884C00C1AF73 /* Debug */ = {
			isa = XCBuildConfiguration;
			buildSettings = {
				BUNDLE_LOADER = "$(TEST_HOST)";
				CODE_SIGN_STYLE = Automatic;
				CURRENT_PROJECT_VERSION = 1;
				DEVELOPMENT_TEAM = PWL627GZ4Y;
				GENERATE_INFOPLIST_FILE = YES;
				MACOSX_DEPLOYMENT_TARGET = 14.0;
				MARKETING_VERSION = 1.0;
				PRODUCT_BUNDLE_IDENTIFIER = slf.DashCamTests;
				PRODUCT_NAME = "$(TARGET_NAME)";
				SWIFT_EMIT_LOC_STRINGS = NO;
				SWIFT_VERSION = 5.0;
				TEST_HOST = "$(BUILT_PRODUCTS_DIR)/DashCam.app/$(BUNDLE_EXECUTABLE_FOLDER_PATH)/DashCam";
			};
			name = Debug;
		};
		C234272D2E81884C00C1AF73 /* Release */ = {
			isa = XCBuildConfiguration;
			buildSettings = {
				BUNDLE_LOADER = "$(TEST_HOST)";
				CODE_SIGN_STYLE = Automatic;
				CURRENT_PROJECT_VERSION = 1;
				DEVELOPMENT_TEAM = PWL627GZ4Y;
				GENERATE_INFOPLIST_FILE = YES;
				MACOSX_DEPLOYMENT_TARGET = 14.0;
				MARKETING_VERSION = 1.0;
				PRODUCT_BUNDLE_IDENTIFIER = slf.DashCamTests;
				PRODUCT_NAME = "$(TARGET_NAME)";
				SWIFT_EMIT_LOC_STRINGS = NO;
				SWIFT_VERSION = 5.0;
				TEST_HOST = "$(BUILT_PRODUCTS_DIR)/DashCam.app/$(BUNDLE_EXECUTABLE_FOLDER_PATH)/DashCam";
			};
			name = Release;
		};
		C234272F2E81884C00C1AF73 /* Debug */ = {
			isa = XCBuildConfiguration;
			buildSettings = {
				CODE_SIGN_STYLE = Automatic;
				CURRENT_PROJECT_VERSION = 1;
				DEVELOPMENT_TEAM = PWL627GZ4Y;
				GENERATE_INFOPLIST_FILE = YES;
				MARKETING_VERSION = 1.0;
				PRODUCT_BUNDLE_IDENTIFIER = slf.DashCamUITests;
				PRODUCT_NAME = "$(TARGET_NAME)";
				SWIFT_EMIT_LOC_STRINGS = NO;
				SWIFT_VERSION = 5.0;
				TEST_TARGET_NAME = DashCam;
			};
			name = Debug;
		};
		C23427302E81884C00C1AF73 /* Release */ = {
			isa = XCBuildConfiguration;
			buildSettings = {
				CODE_SIGN_STYLE = Automatic;
				CURRENT_PROJECT_VERSION = 1;
				DEVELOPMENT_TEAM = PWL627GZ4Y;
				GENERATE_INFOPLIST_FILE = YES;
				MARKETING_VERSION = 1.0;
				PRODUCT_BUNDLE_IDENTIFIER = slf.DashCamUITests;
				PRODUCT_NAME = "$(TARGET_NAME)";
				SWIFT_EMIT_LOC_STRINGS = NO;
				SWIFT_VERSION = 5.0;
				TEST_TARGET_NAME = DashCam;
			};
			name = Release;
		};
/* End XCBuildConfiguration section */

/* Begin XCConfigurationList section */
		C23426FF2E81884800C1AF73 /* Build configuration list for PBXProject "DashCam" */ = {
			isa = XCConfigurationList;
			buildConfigurations = (
				C23427262E81884C00C1AF73 /* Debug */,
				C23427272E81884C00C1AF73 /* Release */,
			);
			defaultConfigurationIsVisible = 0;
			defaultConfigurationName = Release;
		};
		C23427282E81884C00C1AF73 /* Build configuration list for PBXNativeTarget "DashCam" */ = {
			isa = XCConfigurationList;
			buildConfigurations = (
				C23427292E81884C00C1AF73 /* Debug */,
				C234272A2E81884C00C1AF73 /* Release */,
			);
			defaultConfigurationIsVisible = 0;
			defaultConfigurationName = Release;
		};
		C234272B2E81884C00C1AF73 /* Build configuration list for PBXNativeTarget "DashCamTests" */ = {
			isa = XCConfigurationList;
			buildConfigurations = (
				C234272C2E81884C00C1AF73 /* Debug */,
				C234272D2E81884C00C1AF73 /* Release */,
			);
			defaultConfigurationIsVisible = 0;
			defaultConfigurationName = Release;
		};
		C234272E2E81884C00C1AF73 /* Build configuration list for PBXNativeTarget "DashCamUITests" */ = {
			isa = XCConfigurationList;
			buildConfigurations = (
				C234272F2E81884C00C1AF73 /* Debug */,
				C23427302E81884C00C1AF73 /* Release */,
			);
			defaultConfigurationIsVisible = 0;
			defaultConfigurationName = Release;
		};
/* End XCConfigurationList section */
	};
	rootObject = C23426FC2E81884800C1AF73 /* Project object */;
}
